{
  "name": "maps",
  "version": "0.0.1",
  "lockfileVersion": 3,
  "requires": true,
  "packages": {
    "": {
      "name": "maps",
      "version": "0.0.1",
      "license": "ISC",
      "dependencies": {
        "ol": "^10.3.1",
        "turf": "^3.0.14"
      }
    },
    "node_modules/@petamoriken/float16": {
      "version": "3.9.1",
      "resolved": "https://registry.npmjs.org/@petamoriken/float16/-/float16-3.9.1.tgz",
      "integrity": "sha512-j+ejhYwY6PeB+v1kn7lZFACUIG97u90WxMuGosILFsl9d4Ovi0sjk0GlPfoEcx+FzvXZDAfioD+NGnnPamXgMA==",
      "license": "MIT"
    },
    "node_modules/@types/rbush": {
      "version": "4.0.0",
      "resolved": "https://registry.npmjs.org/@types/rbush/-/rbush-4.0.0.tgz",
      "integrity": "sha512-+N+2H39P8X+Hy1I5mC6awlTX54k3FhiUmvt7HWzGJZvF+syUAAxP/stwppS8JE84YHqFgRMv6fCy31202CMFxQ==",
      "license": "MIT"
    },
    "node_modules/affine-hull": {
      "version": "1.0.0",
      "resolved": "https://registry.npmjs.org/affine-hull/-/affine-hull-1.0.0.tgz",
      "integrity": "sha512-3QNG6+vFAwJvSZHsJYDJ/mt1Cxx9n5ffA+1Ohmj7udw0JuRgUVIXK0P9N9pCMuEdS3jCNt8GFX5q2fChq+GO3Q==",
      "license": "MIT",
      "dependencies": {
        "robust-orientation": "^1.1.3"
      }
    },
    "node_modules/bit-twiddle": {
      "version": "1.0.2",
      "resolved": "https://registry.npmjs.org/bit-twiddle/-/bit-twiddle-1.0.2.tgz",
      "integrity": "sha512-B9UhK0DKFZhoTFcfvAzhqsjStvGJp9vYWf3+6SNTtdSQnvIgfkHbgHrg/e4+TH71N2GDu8tpmCVoyfrL1d7ntA==",
      "license": "MIT"
    },
    "node_modules/color-name": {
      "version": "2.0.0",
      "resolved": "https://registry.npmjs.org/color-name/-/color-name-2.0.0.tgz",
      "integrity": "sha512-SbtvAMWvASO5TE2QP07jHBMXKafgdZz8Vrsrn96fiL+O92/FN/PLARzUW5sKt013fjAprK2d2iCn2hk2Xb5oow==",
      "license": "MIT",
      "engines": {
        "node": ">=12.20"
      }
    },
    "node_modules/color-parse": {
      "version": "2.0.2",
      "resolved": "https://registry.npmjs.org/color-parse/-/color-parse-2.0.2.tgz",
      "integrity": "sha512-eCtOz5w5ttWIUcaKLiktF+DxZO1R9KLNY/xhbV6CkhM7sR3GhVghmt6X6yOnzeaM24po+Z9/S1apbXMwA3Iepw==",
      "license": "MIT",
      "dependencies": {
        "color-name": "^2.0.0"
      }
    },
    "node_modules/color-rgba": {
      "version": "3.0.0",
      "resolved": "https://registry.npmjs.org/color-rgba/-/color-rgba-3.0.0.tgz",
      "integrity": "sha512-PPwZYkEY3M2THEHHV6Y95sGUie77S7X8v+h1r6LSAPF3/LL2xJ8duUXSrkic31Nzc4odPwHgUbiX/XuTYzQHQg==",
      "license": "MIT",
      "dependencies": {
        "color-parse": "^2.0.0",
        "color-space": "^2.0.0"
      }
    },
    "node_modules/color-space": {
      "version": "2.0.1",
      "resolved": "https://registry.npmjs.org/color-space/-/color-space-2.0.1.tgz",
      "integrity": "sha512-nKqUYlo0vZATVOFHY810BSYjmCARrG7e5R3UE3CQlyjJTvv5kSSmPG1kzm/oDyyqjehM+lW1RnEt9It9GNa5JA==",
      "license": "MIT"
    },
    "node_modules/convex-hull": {
      "version": "1.0.3",
      "resolved": "https://registry.npmjs.org/convex-hull/-/convex-hull-1.0.3.tgz",
      "integrity": "sha512-24rZAoh81t41GHPLAxcsokgjH9XNoVqU2OiSi8iMHUn6HUURfiefcEWAPt1AfwZjBBWTKadOm1xUcUMnfFukhQ==",
      "license": "MIT",
      "dependencies": {
        "affine-hull": "^1.0.0",
        "incremental-convex-hull": "^1.0.1",
        "monotone-convex-hull-2d": "^1.0.1"
      }
    },
    "node_modules/earcut": {
      "version": "3.0.1",
      "resolved": "https://registry.npmjs.org/earcut/-/earcut-3.0.1.tgz",
      "integrity": "sha512-0l1/0gOjESMeQyYaK5IDiPNvFeu93Z/cO0TjZh9eZ1vyCtZnA7KMZ8rQggpsJHIbGSdrqYq9OhuveadOVHCshw==",
      "license": "ISC"
    },
    "node_modules/geojson-area": {
      "version": "0.2.1",
      "resolved": "https://registry.npmjs.org/geojson-area/-/geojson-area-0.2.1.tgz",
      "integrity": "sha512-I+cht30/CFFObh8GgEa/1o9Kd7RwQTHmotYp3ToyCpxxDFNcuX5SlErKkvoy3otnrsWzODN8yscSTGOAkQ3tKQ==",
      "deprecated": "This module is now under the @mapbox namespace: install @mapbox/geojson-area instead",
      "license": "BSD-2-Clause",
      "dependencies": {
        "wgs84": "0.0.0"
      }
    },
    "node_modules/geojson-normalize": {
      "version": "0.0.0",
      "resolved": "https://registry.npmjs.org/geojson-normalize/-/geojson-normalize-0.0.0.tgz",
      "integrity": "sha512-h/ldgc7C2DrYDIn+F/o+AgZLxmeC+O4q3wvGwiuBjTTRnhxvxaGz6cE6cRTeMH89jIJM3BiP+R6Yiht7f3PBuA==",
      "deprecated": "This module is now under the @mapbox namespace: install @mapbox/geojson-normalize instead",
      "license": "ISC"
    },
    "node_modules/geojson-random": {
      "version": "0.2.2",
      "resolved": "https://registry.npmjs.org/geojson-random/-/geojson-random-0.2.2.tgz",
      "integrity": "sha512-/vZQ14mjKPG3LJ7bpyXsJ0aoz8NzvwpwwP//uBgbzIu2BCFd4uRagp1QvY3RAzRQsHOHyVh33dbYUYws7vOCkg==",
      "license": "ISC",
      "bin": {
        "geojson-random": "geojson-random"
      }
    },
    "node_modules/geotiff": {
      "version": "2.1.3",
      "resolved": "https://registry.npmjs.org/geotiff/-/geotiff-2.1.3.tgz",
      "integrity": "sha512-PT6uoF5a1+kbC3tHmZSUsLHBp2QJlHasxxxxPW47QIY1VBKpFB+FcDvX+MxER6UzgLQZ0xDzJ9s48B9JbOCTqA==",
      "license": "MIT",
      "dependencies": {
        "@petamoriken/float16": "^3.4.7",
        "lerc": "^3.0.0",
        "pako": "^2.0.4",
        "parse-headers": "^2.0.2",
        "quick-lru": "^6.1.1",
        "web-worker": "^1.2.0",
        "xml-utils": "^1.0.2",
        "zstddec": "^0.1.0"
      },
      "engines": {
        "node": ">=10.19"
      }
    },
    "node_modules/incremental-convex-hull": {
      "version": "1.0.1",
      "resolved": "https://registry.npmjs.org/incremental-convex-hull/-/incremental-convex-hull-1.0.1.tgz",
      "integrity": "sha512-mKRJDXtzo1R9LxCuB1TdwZXHaPaIEldoGPsXy2jrJc/kufyqp8y/VAQQxThSxM2aroLoh6uObexPk1ASJ7FB7Q==",
      "license": "MIT",
      "dependencies": {
        "robust-orientation": "^1.1.2",
        "simplicial-complex": "^1.0.0"
      }
    },
    "node_modules/jsts": {
      "version": "1.1.2",
      "resolved": "https://registry.npmjs.org/jsts/-/jsts-1.1.2.tgz",
      "integrity": "sha512-4qWAI9gR72HcGWCl7bej9/2dCM6Nv6dh5Zn1G+wzJYW9wsFL/2bPA3kdR8IAPObmF4gb56l5EGlXxErmB+9GOw==",
      "license": "(EDL-1.0 OR EPL-1.0)",
      "engines": {
        "node": ">= 4"
      }
    },
    "node_modules/lerc": {
      "version": "3.0.0",
      "resolved": "https://registry.npmjs.org/lerc/-/lerc-3.0.0.tgz",
      "integrity": "sha512-Rm4J/WaHhRa93nCN2mwWDZFoRVF18G1f47C+kvQWyHGEZxFpTUi73p7lMVSAndyxGt6lJ2/CFbOcf9ra5p8aww==",
      "license": "Apache-2.0"
    },
    "node_modules/minimist": {
      "version": "1.2.8",
      "resolved": "https://registry.npmjs.org/minimist/-/minimist-1.2.8.tgz",
      "integrity": "sha512-2yyAR8qBkN3YuheJanUpWC5U3bb5osDywNB8RzDVlDwDHbocAJveqqj1u8+SVD7jkWT4yvsHCpWqqWqAxb0zCA==",
      "license": "MIT",
      "funding": {
        "url": "https://github.com/sponsors/ljharb"
      }
    },
    "node_modules/monotone-convex-hull-2d": {
      "version": "1.0.1",
      "resolved": "https://registry.npmjs.org/monotone-convex-hull-2d/-/monotone-convex-hull-2d-1.0.1.tgz",
      "integrity": "sha512-ixQ3qdXTVHvR7eAoOjKY8kGxl9YjOFtzi7qOjwmFFPfBqZHVOjUFOBy/Dk9dusamRSPJe9ggyfSypRbs0Bl8BA==",
      "license": "MIT",
      "dependencies": {
        "robust-orientation": "^1.1.3"
      }
    },
    "node_modules/ol": {
      "version": "10.3.1",
      "resolved": "https://registry.npmjs.org/ol/-/ol-10.3.1.tgz",
      "integrity": "sha512-D1nRQVLOBCRempVqBFV8pSI5H13BtnhuLDjGl+3NKdMOFyjx/UqRX/tcMspEw3LhFOSPWn1Ev+1KIRV8AlHM7A==",
      "license": "BSD-2-Clause",
      "dependencies": {
        "@types/rbush": "4.0.0",
        "color-rgba": "^3.0.0",
        "color-space": "^2.0.1",
        "earcut": "^3.0.0",
        "geotiff": "^2.1.3",
        "pbf": "4.0.1",
        "rbush": "^4.0.0"
      },
      "funding": {
        "type": "opencollective",
        "url": "https://opencollective.com/openlayers"
      }
    },
    "node_modules/pako": {
      "version": "2.1.0",
      "resolved": "https://registry.npmjs.org/pako/-/pako-2.1.0.tgz",
      "integrity": "sha512-w+eufiZ1WuJYgPXbV/PO3NCMEc3xqylkKHzp8bxp1uW4qaSNQUkwmLLEc3kKsfz8lpV1F8Ht3U1Cm+9Srog2ug==",
      "license": "(MIT AND Zlib)"
    },
    "node_modules/parse-headers": {
      "version": "2.0.5",
      "resolved": "https://registry.npmjs.org/parse-headers/-/parse-headers-2.0.5.tgz",
      "integrity": "sha512-ft3iAoLOB/MlwbNXgzy43SWGP6sQki2jQvAyBg/zDFAgr9bfNWZIUj42Kw2eJIl8kEi4PbgE6U1Zau/HwI75HA==",
      "license": "MIT"
    },
    "node_modules/pbf": {
      "version": "4.0.1",
      "resolved": "https://registry.npmjs.org/pbf/-/pbf-4.0.1.tgz",
      "integrity": "sha512-SuLdBvS42z33m8ejRbInMapQe8n0D3vN/Xd5fmWM3tufNgRQFBpaW2YVJxQZV4iPNqb0vEFvssMEo5w9c6BTIA==",
      "license": "BSD-3-Clause",
      "dependencies": {
        "resolve-protobuf-schema": "^2.1.0"
      },
      "bin": {
        "pbf": "bin/pbf"
      }
    },
    "node_modules/protocol-buffers-schema": {
      "version": "3.6.0",
      "resolved": "https://registry.npmjs.org/protocol-buffers-schema/-/protocol-buffers-schema-3.6.0.tgz",
      "integrity": "sha512-TdDRD+/QNdrCGCE7v8340QyuXd4kIWIgapsE2+n/SaGiSSbomYl4TjHlvIoCWRpE7wFt02EpB35VVA2ImcBVqw==",
      "license": "MIT"
    },
    "node_modules/quick-lru": {
      "version": "6.1.2",
      "resolved": "https://registry.npmjs.org/quick-lru/-/quick-lru-6.1.2.tgz",
      "integrity": "sha512-AAFUA5O1d83pIHEhJwWCq/RQcRukCkn/NSm2QsTEMle5f2hP0ChI2+3Xb051PZCkLryI/Ir1MVKviT2FIloaTQ==",
      "license": "MIT",
      "engines": {
        "node": ">=12"
      },
      "funding": {
        "url": "https://github.com/sponsors/sindresorhus"
      }
    },
    "node_modules/quickselect": {
      "version": "3.0.0",
      "resolved": "https://registry.npmjs.org/quickselect/-/quickselect-3.0.0.tgz",
      "integrity": "sha512-XdjUArbK4Bm5fLLvlm5KpTFOiOThgfWWI4axAZDWg4E/0mKdZyI9tNEfds27qCi1ze/vwTR16kvmmGhRra3c2g==",
      "license": "ISC"
    },
    "node_modules/rbush": {
      "version": "4.0.1",
      "resolved": "https://registry.npmjs.org/rbush/-/rbush-4.0.1.tgz",
      "integrity": "sha512-IP0UpfeWQujYC8Jg162rMNc01Rf0gWMMAb2Uxus/Q0qOFw4lCcq6ZnQEZwUoJqWyUGJ9th7JjwI4yIWo+uvoAQ==",
      "license": "MIT",
      "dependencies": {
        "quickselect": "^3.0.0"
      }
    },
    "node_modules/resolve-protobuf-schema": {
      "version": "2.1.0",
      "resolved": "https://registry.npmjs.org/resolve-protobuf-schema/-/resolve-protobuf-schema-2.1.0.tgz",
      "integrity": "sha512-kI5ffTiZWmJaS/huM8wZfEMer1eRd7oJQhDuxeCLe3t7N7mX3z94CN0xPxBQxFYQTSNz9T0i+v6inKqSdK8xrQ==",
      "license": "MIT",
      "dependencies": {
        "protocol-buffers-schema": "^3.3.1"
      }
    },
    "node_modules/robust-orientation": {
      "version": "1.2.1",
      "resolved": "https://registry.npmjs.org/robust-orientation/-/robust-orientation-1.2.1.tgz",
      "integrity": "sha512-FuTptgKwY6iNuU15nrIJDLjXzCChWB+T4AvksRtwPS/WZ3HuP1CElCm1t+OBfgQKfWbtZIawip+61k7+buRKAg==",
      "license": "MIT",
      "dependencies": {
        "robust-scale": "^1.0.2",
        "robust-subtract": "^1.0.0",
        "robust-sum": "^1.0.0",
        "two-product": "^1.0.2"
      }
    },
    "node_modules/robust-scale": {
      "version": "1.0.2",
      "resolved": "https://registry.npmjs.org/robust-scale/-/robust-scale-1.0.2.tgz",
      "integrity": "sha512-jBR91a/vomMAzazwpsPTPeuTPPmWBacwA+WYGNKcRGSh6xweuQ2ZbjRZ4v792/bZOhRKXRiQH0F48AvuajY0tQ==",
      "license": "MIT",
      "dependencies": {
        "two-product": "^1.0.2",
        "two-sum": "^1.0.0"
      }
    },
    "node_modules/robust-subtract": {
      "version": "1.0.0",
      "resolved": "https://registry.npmjs.org/robust-subtract/-/robust-subtract-1.0.0.tgz",
      "integrity": "sha512-xhKUno+Rl+trmxAIVwjQMiVdpF5llxytozXJOdoT4eTIqmqsndQqFb1A0oiW3sZGlhMRhOi6pAD4MF1YYW6o/A==",
      "license": "MIT"
    },
    "node_modules/robust-sum": {
      "version": "1.0.0",
      "resolved": "https://registry.npmjs.org/robust-sum/-/robust-sum-1.0.0.tgz",
      "integrity": "sha512-AvLExwpaqUqD1uwLU6MwzzfRdaI6VEZsyvQ3IAQ0ZJ08v1H+DTyqskrf2ZJyh0BDduFVLN7H04Zmc+qTiahhAw==",
      "license": "MIT"
    },
    "node_modules/simplicial-complex": {
      "version": "1.0.0",
      "resolved": "https://registry.npmjs.org/simplicial-complex/-/simplicial-complex-1.0.0.tgz",
      "integrity": "sha512-mHauIKSOy3GquM5VnYEiu7eP5y4A8BiaN9ezUUgyYFz1k68PqDYcyaH3kenp2cyvWZE96QKE3nrxYw65Allqiw==",
      "license": "MIT",
      "dependencies": {
        "bit-twiddle": "^1.0.0",
        "union-find": "^1.0.0"
      }
    },
    "node_modules/simplify-js": {
      "version": "1.2.4",
      "resolved": "https://registry.npmjs.org/simplify-js/-/simplify-js-1.2.4.tgz",
      "integrity": "sha512-vITfSlwt7h/oyrU42R83mtzFpwYk3+mkH9bOHqq/Qw6n8rtR7aE3NZQ5fbcyCUVVmuMJR6ynsAhOfK2qoah8Jg==",
      "license": "BSD-2-Clause"
    },
    "node_modules/turf": {
      "version": "3.0.14",
      "resolved": "https://registry.npmjs.org/turf/-/turf-3.0.14.tgz",
      "integrity": "sha512-YKaS5wvijcTkGr1p6YQXh2xHWojhC6PMPo8pUFqphgJhq4DCtRBDc0UfbfbS/SD3ozzRFcGDrO3jrQqNBi3VAw==",
      "deprecated": "This package has moved: use @turf/turf instead",
      "license": "MIT",
      "dependencies": {
        "turf-along": "^3.0.12",
        "turf-area": "^3.0.12",
        "turf-bbox": "^3.0.12",
        "turf-bbox-polygon": "^3.0.12",
        "turf-bearing": "^3.0.12",
        "turf-bezier": "^3.0.12",
        "turf-buffer": "^3.0.12",
        "turf-center": "^3.0.12",
        "turf-centroid": "^3.0.12",
        "turf-circle": "^3.0.12",
        "turf-collect": "^3.0.12",
        "turf-combine": "^3.0.12",
        "turf-concave": "^3.0.12",
        "turf-convex": "^3.0.12",
        "turf-destination": "^3.0.12",
        "turf-difference": "^3.0.12",
        "turf-distance": "^3.0.12",
        "turf-envelope": "^3.0.12",
        "turf-explode": "^3.0.12",
        "turf-flip": "^3.0.12",
        "turf-helpers": "^3.0.12",
        "turf-hex-grid": "^3.0.12",
        "turf-inside": "^3.0.12",
        "turf-intersect": "^3.0.12",
        "turf-isolines": "^3.0.12",
        "turf-kinks": "^3.0.12",
        "turf-line-distance": "^3.0.12",
        "turf-line-slice": "^3.0.12",
        "turf-meta": "^3.0.12",
        "turf-midpoint": "^3.0.12",
        "turf-nearest": "^3.0.12",
        "turf-planepoint": "^3.0.12",
        "turf-point-grid": "^3.0.12",
        "turf-point-on-line": "^3.0.12",
        "turf-point-on-surface": "^3.0.12",
        "turf-random": "^3.0.12",
        "turf-sample": "^3.0.12",
        "turf-simplify": "^3.0.12",
        "turf-square": "^3.0.12",
        "turf-square-grid": "^3.0.12",
        "turf-tag": "^3.0.12",
        "turf-tesselate": "^3.0.12",
        "turf-tin": "^3.0.12",
        "turf-triangle-grid": "^3.0.12",
        "turf-union": "^3.0.12",
        "turf-within": "^3.0.12"
      }
    },
    "node_modules/turf-along": {
      "version": "3.0.12",
      "resolved": "https://registry.npmjs.org/turf-along/-/turf-along-3.0.12.tgz",
      "integrity": "sha512-9wHa3LiqsdEExCuPgw8O5fJzqeL4lf8srBBfjGid2Tjh2nwuqgkcFZxzbnLE0Y8oFh60iNJUdccGuJSTJ3YGyg==",
      "deprecated": "Turf packages are now namespaced: please use @turf/along instead",
      "license": "MIT",
      "dependencies": {
        "turf-bearing": "^3.0.12",
        "turf-destination": "^3.0.12",
        "turf-distance": "^3.0.12",
        "turf-helpers": "^3.0.12"
      }
    },
    "node_modules/turf-area": {
      "version": "3.0.12",
      "resolved": "https://registry.npmjs.org/turf-area/-/turf-area-3.0.12.tgz",
      "integrity": "sha512-62Rc1UD8b1yv+AkfhjQ6LSvzxnuJi+jj6q4EkginZxPMJh8HACyQkeNy6VI9WucUULXzoPs8IqeqNwltpMpZVw==",
      "deprecated": "Turf packages are now namespaced: please use @turf/area instead",
      "license": "ISC",
      "dependencies": {
        "geojson-area": "^0.2.1"
      }
    },
    "node_modules/turf-bbox": {
      "version": "3.0.12",
      "resolved": "https://registry.npmjs.org/turf-bbox/-/turf-bbox-3.0.12.tgz",
      "integrity": "sha512-ztNkTvRQ3ezArAQB2ZLLtJur9BiuWkwVv5u+aviC+3y0/mU5ITuoArOTUs4kLU+gNOjdpPwD0Ea/gqBR0lh2hw==",
      "deprecated": "Turf packages are now namespaced: please use @turf/bbox instead",
      "license": "MIT",
      "dependencies": {
        "turf-meta": "^3.0.12"
      }
    },
    "node_modules/turf-bbox-polygon": {
      "version": "3.0.12",
      "resolved": "https://registry.npmjs.org/turf-bbox-polygon/-/turf-bbox-polygon-3.0.12.tgz",
      "integrity": "sha512-9wuTI5eFBBe0bXNK8c5wk/zHbSne28KmUQVX66QhTRvUc34v+NUIzn4bzi3rZXpJvLSLyPVltPnYfn+YsuCkAQ==",
      "deprecated": "Turf packages are now namespaced: please use @turf/bbox-polygon instead",
      "license": "MIT",
      "dependencies": {
        "turf-helpers": "^3.0.12"
      }
    },
    "node_modules/turf-bearing": {
      "version": "3.0.12",
      "resolved": "https://registry.npmjs.org/turf-bearing/-/turf-bearing-3.0.12.tgz",
      "integrity": "sha512-oWAFtgpQwR78xWZn53BzdwHhd4uT5OtuvwEgzFkZWSa6kp+UpdJ39lDAcvdR0H8dCszuGB4KguaGCZLG+iyUvg==",
      "deprecated": "Turf packages are now namespaced: please use @turf/bearing instead",
      "license": "MIT",
      "dependencies": {
        "turf-invariant": "^3.0.12"
      }
    },
    "node_modules/turf-bezier": {
      "version": "3.0.12",
      "resolved": "https://registry.npmjs.org/turf-bezier/-/turf-bezier-3.0.12.tgz",
      "integrity": "sha512-8B4frrRtir9VJ6DTgGG5e81f7faPBnxTR2uJzWGd3bQkUaOBBX7rLQTBTBv1iFZVTU07QnWYgznm3c06FrtX2w==",
      "deprecated": "Turf packages are now namespaced: please use @turf/bezier instead",
      "license": "ISC",
      "dependencies": {
        "turf-helpers": "^3.0.12"
      }
    },
    "node_modules/turf-buffer": {
      "version": "3.0.12",
      "resolved": "https://registry.npmjs.org/turf-buffer/-/turf-buffer-3.0.12.tgz",
      "integrity": "sha512-2wy66sAd0EXX13ql2KeA1bFOtecqDCWmaayLueEaM7HOxY6i/VvroDIHZrFzuwPAa/4ZwMZPaTPiFQ6kh7VSGw==",
      "deprecated": "Turf packages are now namespaced: please use @turf/buffer instead",
      "license": "MIT",
      "dependencies": {
        "geojson-normalize": "0.0.0",
        "jsts": "1.1.2",
        "turf-combine": "^3.0.12",
        "turf-helpers": "^3.0.12"
      }
    },
    "node_modules/turf-center": {
      "version": "3.0.12",
      "resolved": "https://registry.npmjs.org/turf-center/-/turf-center-3.0.12.tgz",
      "integrity": "sha512-H2okrDla22kawwXsPvazV09mHr26/51sKONL52HTBeqiD2sK0WWRQkpdLfJdia0FT47wVk9mBiLXsKeIzDUi7Q==",
      "deprecated": "Turf packages are now namespaced: please use @turf/center instead",
      "license": "MIT",
      "dependencies": {
        "turf-bbox": "^3.0.12",
        "turf-helpers": "^3.0.12"
      }
    },
    "node_modules/turf-centroid": {
      "version": "3.0.12",
      "resolved": "https://registry.npmjs.org/turf-centroid/-/turf-centroid-3.0.12.tgz",
      "integrity": "sha512-OuH8ZZjnxiNETZ8vZkb+dC6C+fit+LdRBolLGDQzBKDLXV2z1nQX2+w/qTNKV9XP5ZZLeEpJPmP0z1MDSz+YRA==",
      "deprecated": "Turf packages are now namespaced: please use @turf/centroid instead",
      "license": "MIT",
      "dependencies": {
        "turf-helpers": "^3.0.12",
        "turf-meta": "^3.0.12"
      }
    },
    "node_modules/turf-circle": {
      "version": "3.0.12",
      "resolved": "https://registry.npmjs.org/turf-circle/-/turf-circle-3.0.12.tgz",
      "integrity": "sha512-dOGg9yQXA21SpgI1qjU+Kgq0esvBU+ZTqoM5A2fWmoa0458YUoB85hnbxFtnmsFB3qXDsrW9RBuC4kyNCcn9KQ==",
      "deprecated": "Turf packages are now namespaced: please use @turf/circle instead",
      "license": "MIT",
      "dependencies": {
        "turf-destination": "^3.0.12",
        "turf-helpers": "^3.0.12"
      }
    },
    "node_modules/turf-collect": {
      "version": "3.0.12",
      "resolved": "https://registry.npmjs.org/turf-collect/-/turf-collect-3.0.12.tgz",
      "integrity": "sha512-V36Hz03VmMXn0BUAZNY+w1bpCX6Ks2JzfvHdiWHh5MccziroaKOfOeC1odJcXSDrhoR14/0oSC4tHDKJslbcPA==",
      "deprecated": "Turf packages are now namespaced: please use @turf/collect instead",
      "license": "MIT",
      "dependencies": {
        "turf-inside": "^3.0.12"
      }
    },
    "node_modules/turf-combine": {
      "version": "3.0.12",
      "resolved": "https://registry.npmjs.org/turf-combine/-/turf-combine-3.0.12.tgz",
      "integrity": "sha512-j99I2ydmO4AzQQqzh+DBbxRr+a//DNbXJFcvBSy88G7vlKByPzr0ONVDNcvS/a1JRTl11C2vfrWxRtHwwmzzDg==",
      "deprecated": "Turf packages are now namespaced: please use @turf/combine instead",
      "license": "MIT",
      "dependencies": {
        "turf-meta": "^3.0.12"
      }
    },
    "node_modules/turf-concave": {
      "version": "3.0.12",
      "resolved": "https://registry.npmjs.org/turf-concave/-/turf-concave-3.0.12.tgz",
      "integrity": "sha512-0KQfAk1f7TRUtuNbIDsRcbi4ONMhtrQg0Y/uY/QM5wVIKMj5T5ZuSApqEfs4cDXcfWu//hwe2bgHJzu1GlUn4w==",
      "deprecated": "Turf packages are now namespaced: please use @turf/concave instead",
      "license": "ISC",
      "dependencies": {
        "turf-distance": "^3.0.12",
        "turf-meta": "^3.0.12",
        "turf-tin": "^3.0.12",
        "turf-union": "^3.0.12"
      }
    },
    "node_modules/turf-convex": {
      "version": "3.0.12",
      "resolved": "https://registry.npmjs.org/turf-convex/-/turf-convex-3.0.12.tgz",
      "integrity": "sha512-xfwhxDQKygFsdbEK8503/N+B4JZZB6i58lE39DTMcf97xCCLyv7zxGlalsKU4j+qywV3nbO6yhKHScv4t6t5bg==",
      "deprecated": "Turf packages are now namespaced: please use @turf/convex instead",
      "license": "ISC",
      "dependencies": {
        "convex-hull": "^1.0.3",
        "turf-helpers": "^3.0.12",
        "turf-meta": "^3.0.12"
      }
    },
    "node_modules/turf-destination": {
      "version": "3.0.12",
      "resolved": "https://registry.npmjs.org/turf-destination/-/turf-destination-3.0.12.tgz",
      "integrity": "sha512-nXKJfH5qv+eoNbw5ggLZNsUokgmaHnGD8Woauc8+7C36JRPSEm1Y3wcjAdJX0VadJJdL8AjNP65QOiWOLdVe1Q==",
      "deprecated": "Turf packages are now namespaced: please use @turf/destination instead",
      "license": "MIT",
      "dependencies": {
        "turf-helpers": "^3.0.12",
        "turf-invariant": "^3.0.12"
      }
    },
    "node_modules/turf-difference": {
      "version": "3.0.12",
      "resolved": "https://registry.npmjs.org/turf-difference/-/turf-difference-3.0.12.tgz",
      "integrity": "sha512-YRMUspic52qdwZZxuVp0LB2QG39q4Ps5ZTfZq+QIGsqdKK7FxvbJTxsb/a+n4xHe/K4zCcWo/AXUw1pOFLrNbA==",
      "deprecated": "Turf packages are now namespaced: please use @turf/difference instead",
      "license": "MIT",
      "dependencies": {
        "jsts": "1.1.2",
        "turf-helpers": "^3.0.12"
      }
    },
    "node_modules/turf-distance": {
      "version": "3.0.12",
      "resolved": "https://registry.npmjs.org/turf-distance/-/turf-distance-3.0.12.tgz",
      "integrity": "sha512-dy2TguSbcCKJK7ZPwCZuG9+mK2DBKZ4g0wlmbKa7iGPFG18X1nPWJRzUkmNF3kdUe9K6+7SViTnbH6xQYCNpiw==",
      "deprecated": "Turf packages are now namespaced: please use @turf/distance instead",
      "license": "MIT",
      "dependencies": {
        "turf-helpers": "^3.0.12",
        "turf-invariant": "^3.0.12"
      }
    },
    "node_modules/turf-envelope": {
      "version": "3.0.12",
      "resolved": "https://registry.npmjs.org/turf-envelope/-/turf-envelope-3.0.12.tgz",
      "integrity": "sha512-2ahLojIP000MUhk7JC/ILASwiP074sFD5nc1HTYyHRhqkb8ukwFMHrR3haEmQdf7sJE3nexBELY9PMGyTQmBiQ==",
      "deprecated": "Turf packages are now namespaced: please use @turf/envelope instead",
      "license": "MIT",
      "dependencies": {
        "turf-bbox": "^3.0.12",
        "turf-bbox-polygon": "^3.0.12"
      }
    },
    "node_modules/turf-explode": {
      "version": "3.0.12",
      "resolved": "https://registry.npmjs.org/turf-explode/-/turf-explode-3.0.12.tgz",
      "integrity": "sha512-cBUdQl2RBbu5YdL+mBNOcou8OlHLF6F9s6Rwz4EuOOGG0Urs0NE2CmascINB1+TgbxJozb29ZKNXezgwhwnrpg==",
      "deprecated": "Turf packages are now namespaced: please use @turf/explode instead",
      "license": "MIT",
      "dependencies": {
        "turf-helpers": "^3.0.12",
        "turf-meta": "^3.0.12"
      }
    },
    "node_modules/turf-flip": {
      "version": "3.0.12",
      "resolved": "https://registry.npmjs.org/turf-flip/-/turf-flip-3.0.12.tgz",
      "integrity": "sha512-SV/DI8I/dczRlqBMcAZyyQq1rlkrFZigFUKhtDIBqEJJvqKy70kDxbHrAkJdeAZ20caflkaTV2K40x4UTUpNgg==",
      "deprecated": "Turf packages are now namespaced: please use @turf/flip instead",
      "license": "MIT",
      "dependencies": {
        "turf-meta": "^3.0.12"
      }
    },
    "node_modules/turf-grid": {
      "version": "1.0.1",
      "resolved": "https://registry.npmjs.org/turf-grid/-/turf-grid-1.0.1.tgz",
      "integrity": "sha512-T2jHZ2HOgvkZZQjMmtl9lexeY6Xk1POF6wbYE7aYLjBO43MQqYNEFDf3JQ1gJymrYEaNy7yDSDYDyiYSsK6sQw==",
      "license": "MIT",
      "dependencies": {
        "turf-point": "^2.0.0"
      }
    },
    "node_modules/turf-helpers": {
      "version": "3.0.12",
      "resolved": "https://registry.npmjs.org/turf-helpers/-/turf-helpers-3.0.12.tgz",
      "integrity": "sha512-e0Oic1RVdTq3PAd5XlPgdtE3eZlN4kSd+Sr4iwayeeBRCMns60j9t6helyHxvbjLLy1uP28IiNfnm30BF+YThw==",
      "deprecated": "Turf packages are now namespaced: please use @turf/helpers instead",
      "license": "MIT"
    },
    "node_modules/turf-hex-grid": {
      "version": "3.0.12",
      "resolved": "https://registry.npmjs.org/turf-hex-grid/-/turf-hex-grid-3.0.12.tgz",
      "integrity": "sha512-3O580ujUHbAEi8vk38uyxvIQN3yjyeQEJtJppB2sYO7zcNORIcao68DlXQW29nSy1pUAYCbNkghDcumNL3A58A==",
      "deprecated": "Turf packages are now namespaced: please use @turf/hex-grid instead",
      "license": "MIT",
      "dependencies": {
        "turf-distance": "^3.0.12",
        "turf-helpers": "^3.0.12"
      }
    },
    "node_modules/turf-inside": {
      "version": "3.0.12",
      "resolved": "https://registry.npmjs.org/turf-inside/-/turf-inside-3.0.12.tgz",
      "integrity": "sha512-QjRDeSgDwf1hIEATsYgbYMB1GnnfwEqjapskOIojICeUBfKA+NMExjaBtMc2V1SY5jNqja6tVPH+ek0d+WO7Vg==",
      "deprecated": "Turf packages are now namespaced: please use @turf/inside instead",
      "license": "MIT",
      "dependencies": {
        "turf-invariant": "^3.0.12"
      }
    },
    "node_modules/turf-intersect": {
      "version": "3.0.12",
      "resolved": "https://registry.npmjs.org/turf-intersect/-/turf-intersect-3.0.12.tgz",
      "integrity": "sha512-eXDksaYFakN6BFcfiyqgH1PDizfkfhPUU2Axd+I5zjVEHgECplK+z8LYA/RqvQ59aWQ2MfNRqxwW12T07c4gMw==",
      "deprecated": "Turf packages are now namespaced: please use @turf/intersect instead",
      "license": "ISC",
      "dependencies": {
        "jsts": "1.1.2"
      }
    },
    "node_modules/turf-invariant": {
      "version": "3.0.12",
      "resolved": "https://registry.npmjs.org/turf-invariant/-/turf-invariant-3.0.12.tgz",
      "integrity": "sha512-6BAyAupdij6X8gTlpGHCG/zpqXXaTi7kjMAbQrepTpnPhIEQJtlGsiZCQu4EckCZS5Rzj5/b8Xw4gaxNpadihw==",
      "deprecated": "Turf packages are now namespaced: please use @turf/invariant instead",
      "license": "ISC"
    },
    "node_modules/turf-isolines": {
      "version": "3.0.12",
      "resolved": "https://registry.npmjs.org/turf-isolines/-/turf-isolines-3.0.12.tgz",
      "integrity": "sha512-b4TY6fKYWvToxiYjYTiURUlljls8jG1oKFaBulu5pz0q6rxmpxkCGOA8t9AXQkNXzHBrDE+vjXashMtYEN9Tsw==",
      "deprecated": "Turf packages are now namespaced: please use @turf/isolines instead",
      "license": "MIT",
      "dependencies": {
        "turf-bbox": "^3.0.12",
        "turf-grid": "1.0.1",
        "turf-helpers": "^3.0.12",
        "turf-inside": "^3.0.12",
        "turf-planepoint": "^3.0.12",
        "turf-square": "^3.0.12",
        "turf-tin": "^3.0.12"
      }
    },
    "node_modules/turf-kinks": {
      "version": "3.0.12",
      "resolved": "https://registry.npmjs.org/turf-kinks/-/turf-kinks-3.0.12.tgz",
      "integrity": "sha512-gzLqDKPqq9rSWIPy6NDZMspDqk1wvP1sg+jaSqdKnW3mPTDn32IbHLxihjGzZoaW0YlIZmnrZlVBLqId6kCZ5w==",
      "deprecated": "Turf packages are now namespaced: please use @turf/kinks instead",
      "license": "MIT",
      "dependencies": {
        "turf-helpers": "^3.0.12"
      }
    },
    "node_modules/turf-line-distance": {
      "version": "3.0.12",
      "resolved": "https://registry.npmjs.org/turf-line-distance/-/turf-line-distance-3.0.12.tgz",
      "integrity": "sha512-HzrxOEKdUgl1vdqIBLmaA99B0cg3+41kamQ650wn26BFUdMrrtkt+x2FT3Y7DifYTNljQ2fblbylqtMAAS0jag==",
      "deprecated": "Turf packages are now namespaced: please use @turf/line-distance instead",
      "license": "MIT",
      "dependencies": {
        "turf-distance": "^3.0.12",
        "turf-helpers": "^3.0.12"
      }
    },
    "node_modules/turf-line-slice": {
      "version": "3.0.12",
      "resolved": "https://registry.npmjs.org/turf-line-slice/-/turf-line-slice-3.0.12.tgz",
      "integrity": "sha512-1ecV3DCTRkv2azoaN/ZFcKxLBrw3l4SRSP/dVAk1Gwn83vBYJ9XtjmUiMLE2WbzTzuzuDxLb6fMvyGyteXBUeg==",
      "deprecated": "Turf packages are now namespaced: please use @turf/line-slice instead",
      "license": "MIT",
      "dependencies": {
        "turf-bearing": "^3.0.12",
        "turf-destination": "^3.0.12",
        "turf-distance": "^3.0.12",
        "turf-helpers": "^3.0.12",
        "turf-point-on-line": "^3.0.12"
      }
    },
    "node_modules/turf-meta": {
      "version": "3.0.12",
      "resolved": "https://registry.npmjs.org/turf-meta/-/turf-meta-3.0.12.tgz",
      "integrity": "sha512-B3YSKMpWGx1WYE8IM62pzOA0kqjrGjd/ZkSyrD5WXnrrpPfAUl0yBoZCJYL5IQcOwLqfd5xZt3HJnNH9cFiG7A==",
      "deprecated": "Turf packages are now namespaced: please use @turf/meta instead",
      "license": "ISC"
    },
    "node_modules/turf-midpoint": {
      "version": "3.0.12",
      "resolved": "https://registry.npmjs.org/turf-midpoint/-/turf-midpoint-3.0.12.tgz",
      "integrity": "sha512-Q1fZWQzc4SSF09hY+tJvgnDGBmVqTgBkIzOg0I0hy+ti0b9bSJ5P3+KY6wkVcC+zgDa8jzp8GZETijAV4WUAqw==",
      "deprecated": "Turf packages are now namespaced: please use @turf/midpoint instead",
      "license": "MIT",
      "dependencies": {
        "turf-bearing": "^3.0.12",
        "turf-destination": "^3.0.12",
        "turf-distance": "^3.0.12",
        "turf-invariant": "^3.0.12"
      }
    },
    "node_modules/turf-nearest": {
      "version": "3.0.12",
      "resolved": "https://registry.npmjs.org/turf-nearest/-/turf-nearest-3.0.12.tgz",
      "integrity": "sha512-4jyHgtpxVSM2LXh+lz4z47lketEXMKlcIpCJplHFpT1ZddIUoKvT6RJDhTUN8a+mohE8HAPgvcUA53vmjxxNEg==",
      "deprecated": "Turf packages are now namespaced: please use @turf/nearest instead",
      "license": "MIT",
      "dependencies": {
        "turf-distance": "^3.0.12"
      }
    },
    "node_modules/turf-planepoint": {
      "version": "3.0.12",
      "resolved": "https://registry.npmjs.org/turf-planepoint/-/turf-planepoint-3.0.12.tgz",
      "integrity": "sha512-2okyqSAjC00QWEyr1vi04Vgug6OaYfBRtvtzHs16IxBN5xhAuwtCnUICb/1ugbOgCiBFV6TzIle/vA0EUVuRxQ==",
      "deprecated": "Turf packages are now namespaced: please use @turf/planepoint instead",
      "license": "MIT"
    },
    "node_modules/turf-point": {
      "version": "2.0.1",
      "resolved": "https://registry.npmjs.org/turf-point/-/turf-point-2.0.1.tgz",
      "integrity": "sha512-DkzYiE8Gc7G6XNW3FsBEwKAMz7jVZ/cw+PqLLkiSR1bde0vRZumF26UDQrspyQNih/oShQ0i4mSfa/dw3tqzsA==",
      "license": "MIT",
      "dependencies": {
        "minimist": "^1.1.0"
      },
      "bin": {
        "turf-point": "bin/point.js"
      }
    },
    "node_modules/turf-point-grid": {
      "version": "3.0.12",
      "resolved": "https://registry.npmjs.org/turf-point-grid/-/turf-point-grid-3.0.12.tgz",
      "integrity": "sha512-5keUPz8j0VWilANaX3bP1evAm/u1u8v10HfUjtoenvWAC5dTGMUVCskgFqX9XitwmsPtaFiCuakM8s3HQzydSQ==",
      "deprecated": "Turf packages are now namespaced: please use @turf/point-grid instead",
      "license": "MIT",
      "dependencies": {
        "turf-distance": "^3.0.12",
        "turf-helpers": "^3.0.12"
      }
    },
    "node_modules/turf-point-on-line": {
      "version": "3.0.12",
      "resolved": "https://registry.npmjs.org/turf-point-on-line/-/turf-point-on-line-3.0.12.tgz",
      "integrity": "sha512-0+gqSE3pK//ylzQZoc+tLpLUa1/14vvqbMvteFu2bl9NP6oudzZqTWoY9dBfyD9rLQtFOCf/IdkIk+IIwTn1cg==",
      "deprecated": "Turf packages are now namespaced: please use @turf/point-on-line instead",
      "license": "MIT",
      "dependencies": {
        "turf-bearing": "^3.0.12",
        "turf-destination": "^3.0.12",
        "turf-distance": "^3.0.12",
        "turf-helpers": "^3.0.12"
      }
    },
    "node_modules/turf-point-on-surface": {
      "version": "3.0.12",
      "resolved": "https://registry.npmjs.org/turf-point-on-surface/-/turf-point-on-surface-3.0.12.tgz",
      "integrity": "sha512-8/CXalHx672E2gR5FIZlazrx2Gj8HJW9JHb7UF/SH2CGDt/DUQKynz3/rn2fj4PyGtXGG7JoS/XuBwEdH99gAw==",
      "deprecated": "Turf packages are now namespaced: please use @turf/point-on-surface instead",
      "license": "MIT",
      "dependencies": {
        "turf-center": "^3.0.12",
        "turf-distance": "^3.0.12",
        "turf-explode": "^3.0.12",
        "turf-helpers": "^3.0.12",
        "turf-inside": "^3.0.12"
      }
    },
    "node_modules/turf-random": {
      "version": "3.0.12",
      "resolved": "https://registry.npmjs.org/turf-random/-/turf-random-3.0.12.tgz",
      "integrity": "sha512-y0bRhHUfTQJBdEigLpS0+y8ReagylBlAgSKhCanMkw2WtQBj4y5MNOT+dgwX6iOCiWrzCsgPvDm/2hRxdYzmTQ==",
      "deprecated": "Turf packages are now namespaced: please use @turf/random instead",
      "license": "ISC",
      "dependencies": {
        "geojson-random": "^0.2.2"
      }
    },
    "node_modules/turf-sample": {
      "version": "3.0.12",
      "resolved": "https://registry.npmjs.org/turf-sample/-/turf-sample-3.0.12.tgz",
      "integrity": "sha512-aDwiE4kjSHt60hYdIhCFQp7xTauIPUVufbfJSVR2+Xrq6KdK8IPIkUAjDKNIo7iSetEsK9uHNHCFTTvW1emGMQ==",
      "deprecated": "Turf packages are now namespaced: please use @turf/sample instead",
      "license": "MIT",
      "dependencies": {
        "turf-helpers": "^3.0.12"
      }
    },
    "node_modules/turf-simplify": {
      "version": "3.0.12",
      "resolved": "https://registry.npmjs.org/turf-simplify/-/turf-simplify-3.0.12.tgz",
      "integrity": "sha512-g+kLtFhZaQD+OZwcl2KZ8RVWGQdsCJBT3/ZQiP6K8RYdD3d3QbruKIQdLgEZhK0lL0/EUCgzQz3/mhpxTA3RMw==",
      "deprecated": "Turf packages are now namespaced: please use @turf/simplify instead",
      "license": "ISC",
      "dependencies": {
        "simplify-js": "^1.2.1"
      }
    },
    "node_modules/turf-square": {
      "version": "3.0.12",
      "resolved": "https://registry.npmjs.org/turf-square/-/turf-square-3.0.12.tgz",
      "integrity": "sha512-jBxMU+9ZO8WAEwFBC2AsBpwV/vmqdBFn73ONEYDb8n+LiOAMbwsDM+75pxg6kt5l3ugQJGbgfxVucVl3SUTJaQ==",
      "deprecated": "Turf packages are now namespaced: please use @turf/square instead",
      "license": "MIT",
      "dependencies": {
        "turf-distance": "^3.0.12",
        "turf-helpers": "^3.0.12"
      }
    },
    "node_modules/turf-square-grid": {
      "version": "3.0.12",
      "resolved": "https://registry.npmjs.org/turf-square-grid/-/turf-square-grid-3.0.12.tgz",
      "integrity": "sha512-L8Bd3/YNYMqIYqWJDmGMJ7itSO7VMrbU1Vubt1f+GOHGnNcf789YXe1poNa6VdONw7spuRlgbQA94VMI5vzZUQ==",
      "deprecated": "Turf packages are now namespaced: please use @turf/square-grid instead",
      "license": "MIT",
      "dependencies": {
        "turf-distance": "^3.0.12",
        "turf-helpers": "^3.0.12"
      }
    },
    "node_modules/turf-tag": {
      "version": "3.0.12",
      "resolved": "https://registry.npmjs.org/turf-tag/-/turf-tag-3.0.12.tgz",
      "integrity": "sha512-tNC7FkAMdFjePrqZqjrxE5IXGdkrZcBjWbRmCSwy0DMKhLgPuXfWNACXt4FFC5dgQ3jc3NbDvfsML6gs1es1zA==",
      "deprecated": "Turf packages are now namespaced: please use @turf/tag instead",
      "license": "MIT",
      "dependencies": {
        "turf-inside": "^3.0.12"
      }
    },
    "node_modules/turf-tesselate": {
      "version": "3.0.12",
      "resolved": "https://registry.npmjs.org/turf-tesselate/-/turf-tesselate-3.0.12.tgz",
      "integrity": "sha512-LWalgrdZGqXoqxkqlD/uV7xpIbuhNJviLw1ANdiST6F6laz8qoi8C2hfHIyzcQB7T/0LeWsuWzHtJ1MotYhpuA==",
      "deprecated": "Turf packages are now namespaced: please use @turf/tesselate instead",
      "license": "MIT",
      "dependencies": {
        "earcut": "^2.0.0",
        "turf-helpers": "^3.0.12"
      }
    },
    "node_modules/turf-tesselate/node_modules/earcut": {
      "version": "2.2.4",
      "resolved": "https://registry.npmjs.org/earcut/-/earcut-2.2.4.tgz",
      "integrity": "sha512-/pjZsA1b4RPHbeWZQn66SWS8nZZWLQQ23oE3Eam7aroEFGEvwKAsJfZ9ytiEMycfzXWpca4FA9QIOehf7PocBQ==",
      "license": "ISC"
    },
    "node_modules/turf-tin": {
      "version": "3.0.12",
      "resolved": "https://registry.npmjs.org/turf-tin/-/turf-tin-3.0.12.tgz",
      "integrity": "sha512-uqadTFrAE3pdVzAQN5CMGzZZtZMrirjRYL2iJRaHAXy9lDaVT+TlDe9gt+8SIwiPI1hVHq9NHHrEn6Cyn+xXxg==",
      "deprecated": "Turf packages are now namespaced: please use @turf/tin instead",
      "license": "MIT",
      "dependencies": {
        "turf-helpers": "^3.0.12"
      }
    },
    "node_modules/turf-triangle-grid": {
      "version": "3.0.12",
      "resolved": "https://registry.npmjs.org/turf-triangle-grid/-/turf-triangle-grid-3.0.12.tgz",
      "integrity": "sha512-hL17vUzp85YoQeqRs4zIKEZloLGt8DWie39j2EK1S8I030L2A60aznZzagnxgo2JnReS25tDSRA4JdrorrECOw==",
      "deprecated": "Turf packages are now namespaced: please use @turf/triangle-grid instead",
      "license": "MIT",
      "dependencies": {
        "turf-distance": "^3.0.12",
        "turf-helpers": "^3.0.12"
      }
    },
    "node_modules/turf-union": {
      "version": "3.0.12",
      "resolved": "https://registry.npmjs.org/turf-union/-/turf-union-3.0.12.tgz",
      "integrity": "sha512-9R3/SccBa6Qpqn1CYUU1n7gv1E1f+pNiLZmf1tEqPq0QQQE8jY3B03YrsIBK1bP6RI8N6wx/2hfX7h9LgFQvmw==",
      "deprecated": "Turf packages are now namespaced: please use @turf/union instead",
      "license": "ISC",
      "dependencies": {
        "jsts": "1.1.2"
      }
    },
    "node_modules/turf-within": {
      "version": "3.0.12",
      "resolved": "https://registry.npmjs.org/turf-within/-/turf-within-3.0.12.tgz",
      "integrity": "sha512-RgVeZ8LBZjcUSX8OvVW/nk2hJ1Vp+RPD+axOWaRf+zMbIiiBBAxmE8FxJSm6EINUuOR8zkvWIt+pyeltRYtG8A==",
      "deprecated": "Turf packages are now namespaced: please use @turf/within instead",
      "license": "MIT",
      "dependencies": {
        "turf-helpers": "^3.0.12",
        "turf-inside": "^3.0.12"
      }
    },
    "node_modules/two-product": {
      "version": "1.0.2",
      "resolved": "https://registry.npmjs.org/two-product/-/two-product-1.0.2.tgz",
      "integrity": "sha512-vOyrqmeYvzjToVM08iU52OFocWT6eB/I5LUWYnxeAPGXAhAxXYU/Yr/R2uY5/5n4bvJQL9AQulIuxpIsMoT8XQ==",
      "license": "MIT"
    },
    "node_modules/two-sum": {
      "version": "1.0.0",
      "resolved": "https://registry.npmjs.org/two-sum/-/two-sum-1.0.0.tgz",
      "integrity": "sha512-phP48e8AawgsNUjEY2WvoIWqdie8PoiDZGxTDv70LDr01uX5wLEQbOgSP7Z/B6+SW5oLtbe8qaYX2fKJs3CGTw==",
      "license": "MIT"
    },
    "node_modules/union-find": {
      "version": "1.0.2",
      "resolved": "https://registry.npmjs.org/union-find/-/union-find-1.0.2.tgz",
      "integrity": "sha512-wFA9bMD/40k7ZcpKVXfu6X1qD3ri5ryO8HUsuA1RnxPCQl66Mu6DgkxyR+XNnd+osD0aLENixcJVFj+uf+O4gw==",
      "license": "MIT"
    },
    "node_modules/web-worker": {
      "version": "1.3.0",
      "resolved": "https://registry.npmjs.org/web-worker/-/web-worker-1.3.0.tgz",
      "integrity": "sha512-BSR9wyRsy/KOValMgd5kMyr3JzpdeoR9KVId8u5GVlTTAtNChlsE4yTxeY7zMdNSyOmoKBv8NH2qeRY9Tg+IaA==",
      "license": "Apache-2.0"
    },
    "node_modules/wgs84": {
      "version": "0.0.0",
      "resolved": "https://registry.npmjs.org/wgs84/-/wgs84-0.0.0.tgz",
      "integrity": "sha512-ANHlY4Rb5kHw40D0NJ6moaVfOCMrp9Gpd1R/AIQYg2ko4/jzcJ+TVXYYF6kXJqQwITvEZP4yEthjM7U6rYlljQ==",
      "license": "BSD-2-Clause"
    },
    "node_modules/xml-utils": {
      "version": "1.10.1",
      "resolved": "https://registry.npmjs.org/xml-utils/-/xml-utils-1.10.1.tgz",
      "integrity": "sha512-Dn6vJ1Z9v1tepSjvnCpwk5QqwIPcEFKdgnjqfYOABv1ngSofuAhtlugcUC3ehS1OHdgDWSG6C5mvj+Qm15udTQ==",
      "license": "CC0-1.0"
    },
    "node_modules/zstddec": {
      "version": "0.1.0",
      "resolved": "https://registry.npmjs.org/zstddec/-/zstddec-0.1.0.tgz",
      "integrity": "sha512-w2NTI8+3l3eeltKAdK8QpiLo/flRAr2p8AGeakfMZOXBxOg9HIu4LVDxBi81sYgVhFhdJjv1OrB5ssI8uFPoLg==",
      "license": "MIT AND BSD-3-Clause"
    }
  }
}
