uuid: a6f352dc-4c78-47af-b0a3-2a3283a9dcf6
langcode: en
status: true
dependencies:
  module:
    - system
    - weather_blocks
  theme:
    - new_weather_theme
id: new_weather_theme_currentconditionsblock
theme: new_weather_theme
region: current_conditions
weight: -5
provider: null
plugin: weathergov_current_conditions
settings:
  id: weathergov_current_conditions
  label: 'Current conditions block'
  label_display: '0'
  provider: weather_blocks
visibility:
  request_path:
    id: request_path
    negate: false
    pages: '/local/*'
