uuid: db1fc8c3-b1b5-4d42-9352-673328a6d8b1
langcode: en
status: true
dependencies:
  module:
    - weather_blocks
  theme:
    - new_weather_theme
id: new_weather_theme_weatherstoryblock
theme: new_weather_theme
region: content
weight: 0
provider: null
plugin: weathergov_weather_story
settings:
  id: weathergov_weather_story
  label: 'Weather story block'
  label_display: '0'
  provider: weather_blocks
visibility: {  }
