uuid: 4e85aca8-d34e-40e8-a911-2d3031114987
langcode: en
status: true
dependencies:
  module:
    - system
    - weather_blocks
  theme:
    - new_weather_theme
id: new_weather_theme_localalertsblock
theme: new_weather_theme
region: location
weight: 0
provider: null
plugin: weathergov_local_alerts
settings:
  id: weathergov_local_alerts
  label: 'Local alerts block'
  label_display: '0'
  provider: weather_blocks
  grid: ',,'
visibility:
  request_path:
    id: request_path
    negate: false
    pages: '/local/*'
