uuid: d7097f08-334b-4c11-9e7e-ca69594eeec1
langcode: en
status: true
dependencies:
  module:
    - system
    - weather_blocks
  theme:
    - new_weather_theme
id: new_weather_theme_hourlyforecastblock
theme: new_weather_theme
region: forecast
weight: -5
provider: null
plugin: weathergov_hourly_forecast
settings:
  id: weathergov_hourly_forecast
  label: 'Hourly forecast'
  label_display: visible
  provider: weather_blocks
visibility:
  request_path:
    id: request_path
    negate: false
    pages: '/local/*'
