uuid: cf7828cb-9f29-40a1-88f6-1461304d39f8
langcode: en
status: true
dependencies:
  module:
    - system
    - weather_blocks
  theme:
    - hello_world
id: hello_world_currentconditionsblock
theme: hello_world
region: content
weight: -8
provider: null
plugin: weathergov_current_conditions
settings:
  id: weathergov_current_conditions
  label: 'Current conditions block'
  label_display: '0'
  provider: weather_blocks
visibility:
  request_path:
    id: request_path
    negate: false
    pages: '/*'
